{
    "arkounay/ux-collection": {
        "version": "3.3.2"
    },
    "beberlei/doctrineextensions": {
        "version": "v1.2.7"
    },
    "behat/transliterator": {
        "version": "v1.2.0"
    },
    "cocur/slugify": {
        "version": "v3.2"
    },
    "defuse/php-encryption": {
        "version": "v2.2.1"
    },
    "doctrine/annotations": {
        "version": "1.14",
        "recipe": {
            "repo": "github.com/symfony/recipes",
            "branch": "main",
            "version": "1.10",
            "ref": "64d8583af5ea57b7afa4aba4b159907f3a148b05"
        },
        "files": []
    },
    "doctrine/cache": {
        "version": "1.10.0"
    },
    "doctrine/collections": {
        "version": "1.6.4"
    },
    "doctrine/common": {
        "version": "v2.11.0"
    },
    "doctrine/dbal": {
        "version": "v2.10.0"
    },
    "doctrine/deprecations": {
        "version": "v0.5.3"
    },
    "doctrine/doctrine-bundle": {
        "version": "2.8",
        "recipe": {
            "repo": "github.com/symfony/recipes",
            "branch": "main",
            "version": "2.4",
            "ref": "5b7882dd9d05ef9b7e71fceed66af1ea573a70d4"
        },
        "files": [
            "config/packages/doctrine.yaml",
            "src/Entity/.gitignore",
            "src/Repository/.gitignore"
        ]
    },
    "doctrine/doctrine-migrations-bundle": {
        "version": "3.2",
        "recipe": {
            "repo": "github.com/symfony/recipes",
            "branch": "main",
            "version": "3.1",
            "ref": "1d01ec03c6ecbd67c3375c5478c9a423ae5d6a33"
        },
        "files": [
            "config/packages/doctrine_migrations.yaml",
            "migrations/.gitignore"
        ]
    },
    "doctrine/event-manager": {
        "version": "1.1.0"
    },
    "doctrine/inflector": {
        "version": "1.3.1"
    },
    "doctrine/instantiator": {
        "version": "1.3.0"
    },
    "doctrine/lexer": {
        "version": "1.2.0"
    },
    "doctrine/migrations": {
        "version": "2.2.0"
    },
    "doctrine/orm": {
        "version": "v2.7.0"
    },
    "doctrine/persistence": {
        "version": "1.2.0"
    },
    "doctrine/sql-formatter": {
        "version": "1.0.1"
    },
    "egulias/email-validator": {
        "version": "2.1.11"
    },
    "fpt/stripe-bundle": {
        "version": "0.11",
        "recipe": {
            "repo": "github.com/symfony/recipes-contrib",
            "branch": "main",
            "version": "0.5",
            "ref": "b08d10161bfafa6dfa58f73d5151cc021187038f"
        },
        "files": [
            "config/packages/stripe.yaml",
            "config/routes/stripe.yaml"
        ]
    },
    "friendsofsymfony/ckeditor-bundle": {
        "version": "1.2.0"
    },
    "gedmo/doctrine-extensions": {
        "version": "v2.4.38"
    },
    "guzzlehttp/guzzle": {
        "version": "6.5.0"
    },
    "guzzlehttp/promises": {
        "version": "v1.3.1"
    },
    "guzzlehttp/psr7": {
        "version": "1.6.1"
    },
    "hashids/hashids": {
        "version": "3.0.0"
    },
    "imagine/imagine": {
        "version": "v0.7.1"
    },
    "knplabs/gaufrette": {
        "version": "v0.8.3"
    },
    "knplabs/knp-menu": {
        "version": "2.6.0"
    },
    "knplabs/knp-menu-bundle": {
        "version": "v2.3.0"
    },
    "knpuniversity/oauth2-client-bundle": {
        "version": "2.9",
        "recipe": {
            "repo": "github.com/symfony/recipes-contrib",
            "branch": "master",
            "version": "1.20",
            "ref": "1ff300d8c030f55c99219cc55050b97a695af3f6"
        },
        "files": [
            "config/packages/knpu_oauth2_client.yaml"
        ]
    },
    "lcobucci/clock": {
        "version": "2.1.0"
    },
    "lcobucci/jwt": {
        "version": "3.3.3"
    },
    "league/event": {
        "version": "2.2.0"
    },
    "league/oauth2-client": {
        "version": "2.4.1"
    },
    "league/oauth2-server": {
        "version": "8.1.1"
    },
    "league/oauth2-server-bundle": {
        "version": "v0.4.0"
    },
    "league/uri": {
        "version": "6.5.0"
    },
    "league/uri-interfaces": {
        "version": "2.3.0"
    },
    "monolog/monolog": {
        "version": "1.25.2"
    },
    "nikic/php-parser": {
        "version": "v4.3.0"
    },
    "nyholm/psr7": {
        "version": "1.8",
        "recipe": {
            "repo": "github.com/symfony/recipes",
            "branch": "main",
            "version": "1.0",
            "ref": "4a8c0345442dcca1d8a2c65633dcf0285dd5a5a2"
        },
        "files": [
            "config/packages/nyholm_psr7.yaml"
        ]
    },
    "paragonie/random_compat": {
        "version": "v2.0.18"
    },
    "phpstan/extension-installer": {
        "version": "1.1.0"
    },
    "phpstan/phpstan": {
        "version": "1.6.8"
    },
    "phpstan/phpstan-symfony": {
        "version": "1.1.8"
    },
    "picqer/php-barcode-generator": {
        "version": "v2.1.0"
    },
    "psr/cache": {
        "version": "1.0.1"
    },
    "psr/container": {
        "version": "1.0.0"
    },
    "psr/http-client": {
        "version": "1.0.0"
    },
    "psr/http-factory": {
        "version": "1.0.1"
    },
    "psr/http-message": {
        "version": "1.0.1"
    },
    "psr/log": {
        "version": "1.1.2"
    },
    "ralouphie/getallheaders": {
        "version": "3.0.3"
    },
    "sonata-project/admin-bundle": {
        "version": "4.22",
        "recipe": {
            "repo": "github.com/symfony/recipes-contrib",
            "branch": "main",
            "version": "4.0",
            "ref": "0e5931df1732e3dccfba42a20853049e5e9db6ae"
        },
        "files": [
            "config/packages/sonata_admin.yaml",
            "config/routes/sonata_admin.yaml",
            "src/Admin/.gitignore"
        ]
    },
    "sonata-project/block-bundle": {
        "version": "3.18.2"
    },
    "sonata-project/classification-bundle": {
        "version": "3.7",
        "recipe": {
            "repo": "github.com/symfony/recipes-contrib",
            "branch": "master",
            "version": "3.7",
            "ref": "e79fbb2e8658677e5d5d9199db7d2735332c4b7d"
        },
        "files": [
            "config/packages/sonata_classification.yaml",
            "src/Entity/SonataClassificationCategory.php",
            "src/Entity/SonataClassificationCollection.php",
            "src/Entity/SonataClassificationContext.php",
            "src/Entity/SonataClassificationTag.php"
        ]
    },
    "sonata-project/doctrine-extensions": {
        "version": "1.4.0"
    },
    "sonata-project/doctrine-orm-admin-bundle": {
        "version": "3.12.0"
    },
    "sonata-project/entity-audit-bundle": {
        "version": "v1.0.9"
    },
    "sonata-project/exporter": {
        "version": "2.0.1"
    },
    "sonata-project/form-extensions": {
        "version": "0.1.0"
    },
    "sonata-project/formatter-bundle": {
        "version": "4.1.3"
    },
    "sonata-project/media-bundle": {
        "version": "4.5",
        "recipe": {
            "repo": "github.com/symfony/recipes-contrib",
            "branch": "main",
            "version": "4.0",
            "ref": "8aa2decd8995752594ac6a304fb3ccafe1fa10cf"
        },
        "files": [
            "config/packages/sonata_media.yaml",
            "config/routes/sonata_media.yaml",
            "public/upload/media/.gitignore"
        ]
    },
    "sonata-project/page-bundle": {
        "version": "3.26",
        "recipe": {
            "repo": "github.com/symfony/recipes-contrib",
            "branch": "master",
            "version": "3.9",
            "ref": "a46c459627c260caa16cf0234378d54b99c3b969"
        },
        "files": [
            "config/packages/sonata_page.yaml",
            "config/routes/sonata_page.yaml",
            "src/Entity/SonataPageBlock.php",
            "src/Entity/SonataPagePage.php",
            "src/Entity/SonataPageSite.php",
            "src/Entity/SonataPageSnapshot.php"
        ]
    },
    "sonata-project/seo-bundle": {
        "version": "2.9.0"
    },
    "sonata-project/twig-extensions": {
        "version": "0.1.0"
    },
    "stof/doctrine-extensions-bundle": {
        "version": "1.7",
        "recipe": {
            "repo": "github.com/symfony/recipes-contrib",
            "branch": "master",
            "version": "1.2",
            "ref": "e805aba9eff5372e2d149a9ff56566769e22819d"
        },
        "files": [
            "config/packages/stof_doctrine_extensions.yaml"
        ]
    },
    "symfony-cmf/routing": {
        "version": "2.1.1"
    },
    "symfony-cmf/routing-bundle": {
        "version": "2.1.1"
    },
    "symfony/asset": {
        "version": "v4.4.1"
    },
    "symfony/cache": {
        "version": "v4.4.1"
    },
    "symfony/cache-contracts": {
        "version": "v2.0.1"
    },
    "symfony/config": {
        "version": "v4.4.1"
    },
    "symfony/console": {
        "version": "6.4",
        "recipe": {
            "repo": "github.com/symfony/recipes",
            "branch": "main",
            "version": "5.3",
            "ref": "da0c8be8157600ad34f10ff0c9cc91232522e047"
        },
        "files": [
            "bin/console"
        ]
    },
    "symfony/debug-bundle": {
        "version": "6.2",
        "recipe": {
            "repo": "github.com/symfony/recipes",
            "branch": "main",
            "version": "5.3",
            "ref": "5aa8aa48234c8eb6dbdd7b3cd5d791485d2cec4b"
        },
        "files": [
            "config/packages/debug.yaml"
        ]
    },
    "symfony/dependency-injection": {
        "version": "v4.4.1"
    },
    "symfony/deprecation-contracts": {
        "version": "v2.1.2"
    },
    "symfony/doctrine-bridge": {
        "version": "v4.4.1"
    },
    "symfony/dotenv": {
        "version": "v4.4.1"
    },
    "symfony/error-handler": {
        "version": "v4.4.1"
    },
    "symfony/event-dispatcher": {
        "version": "v4.4.1"
    },
    "symfony/event-dispatcher-contracts": {
        "version": "v1.1.7"
    },
    "symfony/expression-language": {
        "version": "v4.4.1"
    },
    "symfony/filesystem": {
        "version": "v4.4.1"
    },
    "symfony/finder": {
        "version": "v4.4.1"
    },
    "symfony/flex": {
        "version": "2.2",
        "recipe": {
            "repo": "github.com/symfony/recipes",
            "branch": "main",
            "version": "1.0",
            "ref": "146251ae39e06a95be0fe3d13c807bcf3938b172"
        },
        "files": [
            ".env"
        ]
    },
    "symfony/form": {
        "version": "v4.4.1"
    },
    "symfony/framework-bundle": {
        "version": "6.4",
        "recipe": {
            "repo": "github.com/symfony/recipes",
            "branch": "main",
            "version": "6.4",
            "ref": "a91c965766ad3ff2ae15981801643330eb42b6a5"
        },
        "files": [
            "config/packages/cache.yaml",
            "config/packages/framework.yaml",
            "config/preload.php",
            "config/routes/framework.yaml",
            "config/services.yaml",
            "public/index.php",
            "src/Controller/.gitignore",
            "src/Kernel.php"
        ]
    },
    "symfony/http-client": {
        "version": "v4.4.4"
    },
    "symfony/http-client-contracts": {
        "version": "v2.0.1"
    },
    "symfony/http-foundation": {
        "version": "v4.4.1"
    },
    "symfony/http-kernel": {
        "version": "v4.4.1"
    },
    "symfony/intl": {
        "version": "v4.4.1"
    },
    "symfony/mailer": {
        "version": "6.2",
        "recipe": {
            "repo": "github.com/symfony/recipes",
            "branch": "main",
            "version": "4.3",
            "ref": "2bf89438209656b85b9a49238c4467bff1b1f939"
        },
        "files": [
            "config/packages/mailer.yaml"
        ]
    },
    "symfony/maker-bundle": {
        "version": "1.0",
        "recipe": {
            "repo": "github.com/symfony/recipes",
            "branch": "master",
            "version": "1.0",
            "ref": "fadbfe33303a76e25cb63401050439aa9b1a9c7f"
        }
    },
    "symfony/mime": {
        "version": "v5.0.1"
    },
    "symfony/monolog-bridge": {
        "version": "v4.4.1"
    },
    "symfony/monolog-bundle": {
        "version": "3.8",
        "recipe": {
            "repo": "github.com/symfony/recipes",
            "branch": "main",
            "version": "3.7",
            "ref": "213676c4ec929f046dfde5ea8e97625b81bc0578"
        },
        "files": [
            "config/packages/monolog.yaml"
        ]
    },
    "symfony/notifier": {
        "version": "6.2",
        "recipe": {
            "repo": "github.com/symfony/recipes",
            "branch": "main",
            "version": "5.0",
            "ref": "c31585e252b32fe0e1f30b1f256af553f4a06eb9"
        },
        "files": [
            "config/packages/notifier.yaml"
        ]
    },
    "symfony/options-resolver": {
        "version": "v4.4.1"
    },
    "symfony/polyfill-ctype": {
        "version": "v1.13.1"
    },
    "symfony/polyfill-intl-grapheme": {
        "version": "v1.15.0"
    },
    "symfony/polyfill-intl-idn": {
        "version": "v1.13.1"
    },
    "symfony/polyfill-intl-normalizer": {
        "version": "v1.15.0"
    },
    "symfony/polyfill-mbstring": {
        "version": "v1.13.1"
    },
    "symfony/polyfill-php72": {
        "version": "v1.13.1"
    },
    "symfony/polyfill-php80": {
        "version": "v1.17.0"
    },
    "symfony/polyfill-php81": {
        "version": "v1.23.0"
    },
    "symfony/process": {
        "version": "v4.4.1"
    },
    "symfony/property-access": {
        "version": "v4.4.1"
    },
    "symfony/property-info": {
        "version": "v5.1.5"
    },
    "symfony/psr-http-message-bridge": {
        "version": "v2.0.2"
    },
    "symfony/routing": {
        "version": "6.2",
        "recipe": {
            "repo": "github.com/symfony/recipes",
            "branch": "main",
            "version": "6.2",
            "ref": "e0a11b4ccb8c9e70b574ff5ad3dfdcd41dec5aa6"
        },
        "files": [
            "config/packages/routing.yaml",
            "config/routes.yaml"
        ]
    },
    "symfony/security-acl": {
        "version": "v3.0.2"
    },
    "symfony/security-bundle": {
        "version": "6.2",
        "recipe": {
            "repo": "github.com/symfony/recipes",
            "branch": "main",
            "version": "6.0",
            "ref": "8a5b112826f7d3d5b07027f93786ae11a1c7de48"
        },
        "files": [
            "config/packages/security.yaml"
        ]
    },
    "symfony/security-core": {
        "version": "v4.4.1"
    },
    "symfony/security-csrf": {
        "version": "v4.4.1"
    },
    "symfony/security-http": {
        "version": "v4.4.1"
    },
    "symfony/service-contracts": {
        "version": "v2.0.1"
    },
    "symfony/stimulus-bundle": {
        "version": "2.9",
        "recipe": {
            "repo": "github.com/symfony/recipes",
            "branch": "main",
            "version": "2.8",
            "ref": "9e33a8a3794b603fb4be6c04ee5ecab901ce549e"
        }
    },
    "symfony/stopwatch": {
        "version": "v5.0.1"
    },
    "symfony/string": {
        "version": "v5.0.7"
    },
    "symfony/telegram-notifier": {
        "version": "6.2",
        "recipe": {
            "repo": "github.com/symfony/recipes",
            "branch": "main",
            "version": "5.0",
            "ref": "5cf5c19e8fdcbf922de680cdf8d65fa7d77758ae"
        }
    },
    "symfony/translation": {
        "version": "6.2",
        "recipe": {
            "repo": "github.com/symfony/recipes",
            "branch": "main",
            "version": "5.3",
            "ref": "da64f5a2b6d96f5dc24914517c0350a5f91dee43"
        },
        "files": [
            "config/packages/translation.yaml",
            "translations/.gitignore"
        ]
    },
    "symfony/translation-contracts": {
        "version": "v2.0.1"
    },
    "symfony/twig-bridge": {
        "version": "v4.4.1"
    },
    "symfony/twig-bundle": {
        "version": "6.4",
        "recipe": {
            "repo": "github.com/symfony/recipes",
            "branch": "main",
            "version": "6.3",
            "ref": "b7772eb20e92f3fb4d4fe756e7505b4ba2ca1a2c"
        },
        "files": [
            "config/packages/twig.yaml",
            "templates/base.html.twig"
        ]
    },
    "symfony/ux-translator": {
        "version": "2.11",
        "recipe": {
            "repo": "github.com/symfony/recipes",
            "branch": "main",
            "version": "2.9",
            "ref": "bc396565cc4cab95692dd6df810553dc22e352e1"
        },
        "files": [
            "assets/translator.js",
            "config/packages/ux_translator.yaml",
            "var/translations/configuration.js",
            "var/translations/index.js"
        ]
    },
    "symfony/ux-turbo": {
        "version": "v2.4.0"
    },
    "symfony/validator": {
        "version": "6.2",
        "recipe": {
            "repo": "github.com/symfony/recipes",
            "branch": "main",
            "version": "5.3",
            "ref": "c32cfd98f714894c4f128bb99aa2530c1227603c"
        },
        "files": [
            "config/packages/validator.yaml"
        ]
    },
    "symfony/var-dumper": {
        "version": "v5.0.1"
    },
    "symfony/var-exporter": {
        "version": "v5.0.1"
    },
    "symfony/web-profiler-bundle": {
        "version": "6.2",
        "recipe": {
            "repo": "github.com/symfony/recipes",
            "branch": "main",
            "version": "6.1",
            "ref": "e42b3f0177df239add25373083a564e5ead4e13a"
        },
        "files": [
            "config/packages/web_profiler.yaml",
            "config/routes/web_profiler.yaml"
        ]
    },
    "symfony/webpack-encore-bundle": {
        "version": "1.16",
        "recipe": {
            "repo": "github.com/symfony/recipes",
            "branch": "main",
            "version": "1.10",
            "ref": "f8fc53f1942f76679e9ee3c25fd44865355707b5"
        },
        "files": [
            "assets/app.js",
            "assets/bootstrap.js",
            "assets/controllers.json",
            "assets/controllers/hello_controller.js",
            "assets/styles/app.css",
            "config/packages/webpack_encore.yaml",
            "package.json",
            "webpack.config.js"
        ]
    },
    "symfony/yaml": {
        "version": "v4.4.3"
    },
    "symfonycasts/reset-password-bundle": {
        "version": "1.0",
        "recipe": {
            "repo": "github.com/symfony/recipes",
            "branch": "master",
            "version": "1.0",
            "ref": "97c1627c0384534997ae1047b93be517ca16de43"
        },
        "files": [
            "config/packages/reset_password.yaml"
        ]
    },
    "twig/extra-bundle": {
        "version": "v3.4.0"
    },
    "twig/intl-extra": {
        "version": "v3.0.3"
    },
    "twig/string-extra": {
        "version": "v3.0.3"
    },
    "twig/twig": {
        "version": "v2.12.2"
    }
}
