sonata_block:
    default_contexts: [sonata_page_bundle, frontend]
    http_cache: false
    #    listener: true
#        "SonataDemoBundle:Builder:mainMenu": "Main Menu"
    blocks:
        entropy_tunkki.block.brokenitems:
        entropy_tunkki.block.bookings:
        entropy.block.future_events: ~
        entropy.block.member_info: ~
        entropy.block.artist_info: ~
        entropy.block.compensations:
            context: [frontend] 
        sonata.media.block.media:
            settings: { template: 'block\media.html.twig' }
