sonata_block:
    context_manager: sonata.page.block.context_manager
    default_contexts: [sonata_page_bundle]
    #http_cache:
    #    listener: true
#        "SonataDemoBundle:Builder:mainMenu": "Main Menu"
    blocks:
        entropy_tunkki.block.brokenitems:
        entropy_tunkki.block.bookings:
        entropy.block.future_events: ~
